PODS:
  - Capacitor (7.4.2):
    - CapacitorCordova
  - CapacitorCamera (7.0.1):
    - Capacitor
  - CapacitorCordova (7.4.2)

DEPENDENCIES:
  - "Capacitor (from `../../node_modules/@capacitor/ios`)"
  - "CapacitorCamera (from `../../node_modules/@capacitor/camera`)"
  - "CapacitorCordova (from `../../node_modules/@capacitor/ios`)"

EXTERNAL SOURCES:
  Capacitor:
    :path: "../../node_modules/@capacitor/ios"
  CapacitorCamera:
    :path: "../../node_modules/@capacitor/camera"
  CapacitorCordova:
    :path: "../../node_modules/@capacitor/ios"

SPEC CHECKSUMS:
  Capacitor: 156d98aba46ec01dde72c4bbb92fa626837cad29
  CapacitorCamera: eb8687d8687fed853598ec9460d94bcd5e16babe
  CapacitorCordova: 5e58d04631bc5094894ac106e2bf1da18a9e6151

PODFILE CHECKSUM: c6be376320bfcb75186d02acf2face8f585c4ca5

COCOAPODS: 1.12.0
